PODS:
  - AWSCore (2.2.3)
  - AWSS3 (2.2.3):
    - AWSCore (= 2.2.3)
  - FMDB/common (2.5)
  - FMDB/standalone (2.5):
    - FMDB/common
    - FMDB/standalone/default (= 2.5)
  - FMDB/standalone/default (2.5):
    - FMDB/common
    - sqlite3
  - sqlite3 (3.8.10.2):
    - sqlite3/common (= 3.8.10.2)
  - sqlite3/common (3.8.10.2)

DEPENDENCIES:
  - AWSS3
  - FMDB/standalone

SPEC CHECKSUMS:
  AWSCore: 30510dc1bf3e4cc975868ed4cc9ae16ba402790b
  AWSS3: 9c03206264668b69ca94e4f05caa8926a4b0660f
  FMDB: 96e8f1bcc1329e269330f99770ad4285d9003e52
  sqlite3: 5e6797834b321b0926250b89315b8516ce1c58f6

COCOAPODS: 0.37.2
